
Microsoft Visual Studio Solution File, Format Version 12.00
# Visual Studio Version 17
VisualStudioVersion = 17.6.33712.159
MinimumVisualStudioVersion = 10.0.40219.1
Project("{FAE04EC0-301F-11D3-BF4B-00C04F79EFBC}") = "QuoteStorageService", "QuoteStorageService\QuoteStorageService.csproj", "{BC7977E1-44A2-427C-9BD3-B0F5000508E4}"
EndProject
Global
	GlobalSection(SolutionConfigurationPlatforms) = preSolution
		Debug|Any CPU = Debug|Any CPU
		Release|Any CPU = Release|Any CPU
	EndGlobalSection
	GlobalSection(ProjectConfigurationPlatforms) = postSolution
		{BC7977E1-44A2-427C-9BD3-B0F5000508E4}.Debug|Any CPU.ActiveCfg = Debug|Any CPU
		{BC7977E1-44A2-427C-9BD3-B0F5000508E4}.Debug|Any CPU.Build.0 = Debug|Any CPU
		{BC7977E1-44A2-427C-9BD3-B0F5000508E4}.Release|Any CPU.ActiveCfg = Release|Any CPU
		{BC7977E1-44A2-427C-9BD3-B0F5000508E4}.Release|Any CPU.Build.0 = Release|Any CPU
	EndGlobalSection
	GlobalSection(SolutionProperties) = preSolution
		HideSolutionNode = FALSE
	EndGlobalSection
	GlobalSection(ExtensibilityGlobals) = postSolution
		SolutionGuid = {B7AAC959-925E-4043-B849-778E691FFF1A}
	EndGlobalSection
EndGlobal
